// !$*UTF8*$!
{
	archiveVersion = 1;
	classes = {
	};
	objectVersion = 50;
	objects = {

/* Begin PBXBuildFile section */
		EF144DC226B1BB8B00B58D32 /* Extensions.swift in Sources */ = {isa = PBXBuildFile; fileRef = EF144DC126B1BB8B00B58D32 /* Extensions.swift */; };
		EF5F10D526974E850064FD45 /* Pie.swift in Sources */ = {isa = PBXBuildFile; fileRef = EF5F10D426974E850064FD45 /* Pie.swift */; };
		EF5F10D7269758760064FD45 /* Cardify.swift in Sources */ = {isa = PBXBuildFile; fileRef = EF5F10D6269758760064FD45 /* Cardify.swift */; };
		EF6C11B326A87AC500C9F17F /* Theme.swift in Sources */ = {isa = PBXBuildFile; fileRef = EF6C11B226A87AC500C9F17F /* Theme.swift */; };
		EF6C11B626A88CE900C9F17F /* Themes.swift in Sources */ = {isa = PBXBuildFile; fileRef = EF6C11B526A88CE900C9F17F /* Themes.swift */; };
		EF82B4342696140500C7A7F1 /* AspectVGrid.swift in Sources */ = {isa = PBXBuildFile; fileRef = EF82B4332696140500C7A7F1 /* AspectVGrid.swift */; };
		EF9C4847268B84CB00CF9C28 /* MemorizeApp.swift in Sources */ = {isa = PBXBuildFile; fileRef = EF9C4846268B84CB00CF9C28 /* MemorizeApp.swift */; };
		EF9C4849268B84CB00CF9C28 /* EmojiGameView.swift in Sources */ = {isa = PBXBuildFile; fileRef = EF9C4848268B84CB00CF9C28 /* EmojiGameView.swift */; };
		EF9C484B268B84CC00CF9C28 /* Assets.xcassets in Resources */ = {isa = PBXBuildFile; fileRef = EF9C484A268B84CC00CF9C28 /* Assets.xcassets */; };
		EF9C484E268B84CC00CF9C28 /* Preview Assets.xcassets in Resources */ = {isa = PBXBuildFile; fileRef = EF9C484D268B84CC00CF9C28 /* Preview Assets.xcassets */; };
		EFB65CDD26CEAD850021B0B4 /* ThemeChooser.swift in Sources */ = {isa = PBXBuildFile; fileRef = EFB65CDC26CEAD850021B0B4 /* ThemeChooser.swift */; };
		EFB7C3CA268CE14E004E192D /* MemoryGame.swift in Sources */ = {isa = PBXBuildFile; fileRef = EFB7C3C9268CE14E004E192D /* MemoryGame.swift */; };
		EFB7C3CC268CE49A004E192D /* EmojiMemoryGame.swift in Sources */ = {isa = PBXBuildFile; fileRef = EFB7C3CB268CE49A004E192D /* EmojiMemoryGame.swift */; };
/* End PBXBuildFile section */

/* Begin PBXFileReference section */
		EF144DC126B1BB8B00B58D32 /* Extensions.swift */ = {isa = PBXFileReference; lastKnownFileType = sourcecode.swift; path = Extensions.swift; sourceTree = "<group>"; };
		EF5F10D426974E850064FD45 /* Pie.swift */ = {isa = PBXFileReference; lastKnownFileType = sourcecode.swift; path = Pie.swift; sourceTree = "<group>"; };
		EF5F10D6269758760064FD45 /* Cardify.swift */ = {isa = PBXFileReference; lastKnownFileType = sourcecode.swift; path = Cardify.swift; sourceTree = "<group>"; };
		EF6C11B226A87AC500C9F17F /* Theme.swift */ = {isa = PBXFileReference; lastKnownFileType = sourcecode.swift; path = Theme.swift; sourceTree = "<group>"; };
		EF6C11B526A88CE900C9F17F /* Themes.swift */ = {isa = PBXFileReference; lastKnownFileType = sourcecode.swift; path = Themes.swift; sourceTree = "<group>"; };
		EF82B4332696140500C7A7F1 /* AspectVGrid.swift */ = {isa = PBXFileReference; lastKnownFileType = sourcecode.swift; path = AspectVGrid.swift; sourceTree = "<group>"; };
		EF9C4843268B84CB00CF9C28 /* Memorize.app */ = {isa = PBXFileReference; explicitFileType = wrapper.application; includeInIndex = 0; path = Memorize.app; sourceTree = BUILT_PRODUCTS_DIR; };
		EF9C4846268B84CB00CF9C28 /* MemorizeApp.swift */ = {isa = PBXFileReference; lastKnownFileType = sourcecode.swift; path = MemorizeApp.swift; sourceTree = "<group>"; };
		EF9C4848268B84CB00CF9C28 /* EmojiGameView.swift */ = {isa = PBXFileReference; lastKnownFileType = sourcecode.swift; path = EmojiGameView.swift; sourceTree = "<group>"; };
		EF9C484A268B84CC00CF9C28 /* Assets.xcassets */ = {isa = PBXFileReference; lastKnownFileType = folder.assetcatalog; path = Assets.xcassets; sourceTree = "<group>"; };
		EF9C484D268B84CC00CF9C28 /* Preview Assets.xcassets */ = {isa = PBXFileReference; lastKnownFileType = folder.assetcatalog; path = "Preview Assets.xcassets"; sourceTree = "<group>"; };
		EF9C484F268B84CC00CF9C28 /* Info.plist */ = {isa = PBXFileReference; lastKnownFileType = text.plist.xml; path = Info.plist; sourceTree = "<group>"; };
		EFB65CDC26CEAD850021B0B4 /* ThemeChooser.swift */ = {isa = PBXFileReference; lastKnownFileType = sourcecode.swift; path = ThemeChooser.swift; sourceTree = "<group>"; };
		EFB7C3C9268CE14E004E192D /* MemoryGame.swift */ = {isa = PBXFileReference; lastKnownFileType = sourcecode.swift; path = MemoryGame.swift; sourceTree = "<group>"; };
		EFB7C3CB268CE49A004E192D /* EmojiMemoryGame.swift */ = {isa = PBXFileReference; lastKnownFileType = sourcecode.swift; path = EmojiMemoryGame.swift; sourceTree = "<group>"; };
/* End PBXFileReference section */

/* Begin PBXFrameworksBuildPhase section */
		EF9C4840268B84CB00CF9C28 /* Frameworks */ = {
			isa = PBXFrameworksBuildPhase;
			buildActionMask = 2147483647;
			files = (
			);
			runOnlyForDeploymentPostprocessing = 0;
		};
/* End PBXFrameworksBuildPhase section */

/* Begin PBXGroup section */
		EF144DC026B1BB7A00B58D32 /* Utilities */ = {
			isa = PBXGroup;
			children = (
				EF144DC126B1BB8B00B58D32 /* Extensions.swift */,
			);
			path = Utilities;
			sourceTree = "<group>";
		};
		EF9C483A268B84CB00CF9C28 = {
			isa = PBXGroup;
			children = (
				EF9C4845268B84CB00CF9C28 /* Memorize */,
				EF9C4844268B84CB00CF9C28 /* Products */,
			);
			sourceTree = "<group>";
		};
		EF9C4844268B84CB00CF9C28 /* Products */ = {
			isa = PBXGroup;
			children = (
				EF9C4843268B84CB00CF9C28 /* Memorize.app */,
			);
			name = Products;
			sourceTree = "<group>";
		};
		EF9C4845268B84CB00CF9C28 /* Memorize */ = {
			isa = PBXGroup;
			children = (
				EF144DC026B1BB7A00B58D32 /* Utilities */,
				EFE062B426A743CF001CD544 /* View */,
				EFE062B326A743C8001CD544 /* ViewModel */,
				EFE062B226A743B5001CD544 /* Model */,
				EF9C484A268B84CC00CF9C28 /* Assets.xcassets */,
				EF9C484F268B84CC00CF9C28 /* Info.plist */,
				EF9C484C268B84CC00CF9C28 /* Preview Content */,
			);
			path = Memorize;
			sourceTree = "<group>";
		};
		EF9C484C268B84CC00CF9C28 /* Preview Content */ = {
			isa = PBXGroup;
			children = (
				EF9C484D268B84CC00CF9C28 /* Preview Assets.xcassets */,
			);
			path = "Preview Content";
			sourceTree = "<group>";
		};
		EFE062B226A743B5001CD544 /* Model */ = {
			isa = PBXGroup;
			children = (
				EFB7C3C9268CE14E004E192D /* MemoryGame.swift */,
				EF6C11B226A87AC500C9F17F /* Theme.swift */,
			);
			path = Model;
			sourceTree = "<group>";
		};
		EFE062B326A743C8001CD544 /* ViewModel */ = {
			isa = PBXGroup;
			children = (
				EFB7C3CB268CE49A004E192D /* EmojiMemoryGame.swift */,
				EF6C11B526A88CE900C9F17F /* Themes.swift */,
				EFB65CDC26CEAD850021B0B4 /* ThemeChooser.swift */,
			);
			path = ViewModel;
			sourceTree = "<group>";
		};
		EFE062B426A743CF001CD544 /* View */ = {
			isa = PBXGroup;
			children = (
				EF9C4846268B84CB00CF9C28 /* MemorizeApp.swift */,
				EF5F10D6269758760064FD45 /* Cardify.swift */,
				EF9C4848268B84CB00CF9C28 /* EmojiGameView.swift */,
				EF5F10D426974E850064FD45 /* Pie.swift */,
				EF82B4332696140500C7A7F1 /* AspectVGrid.swift */,
			);
			path = View;
			sourceTree = "<group>";
		};
/* End PBXGroup section */

/* Begin PBXNativeTarget section */
		EF9C4842268B84CB00CF9C28 /* Memorize */ = {
			isa = PBXNativeTarget;
			buildConfigurationList = EF9C4852268B84CC00CF9C28 /* Build configuration list for PBXNativeTarget "Memorize" */;
			buildPhases = (
				EF9C483F268B84CB00CF9C28 /* Sources */,
				EF9C4840268B84CB00CF9C28 /* Frameworks */,
				EF9C4841268B84CB00CF9C28 /* Resources */,
			);
			buildRules = (
			);
			dependencies = (
			);
			name = Memorize;
			productName = Memorize;
			productReference = EF9C4843268B84CB00CF9C28 /* Memorize.app */;
			productType = "com.apple.product-type.application";
		};
/* End PBXNativeTarget section */

/* Begin PBXProject section */
		EF9C483B268B84CB00CF9C28 /* Project object */ = {
			isa = PBXProject;
			attributes = {
				LastSwiftUpdateCheck = 1250;
				LastUpgradeCheck = 1250;
				TargetAttributes = {
					EF9C4842268B84CB00CF9C28 = {
						CreatedOnToolsVersion = 12.5.1;
					};
				};
			};
			buildConfigurationList = EF9C483E268B84CB00CF9C28 /* Build configuration list for PBXProject "Memorize" */;
			compatibilityVersion = "Xcode 9.3";
			developmentRegion = en;
			hasScannedForEncodings = 0;
			knownRegions = (
				en,
				Base,
			);
			mainGroup = EF9C483A268B84CB00CF9C28;
			productRefGroup = EF9C4844268B84CB00CF9C28 /* Products */;
			projectDirPath = "";
			projectRoot = "";
			targets = (
				EF9C4842268B84CB00CF9C28 /* Memorize */,
			);
		};
/* End PBXProject section */

/* Begin PBXResourcesBuildPhase section */
		EF9C4841268B84CB00CF9C28 /* Resources */ = {
			isa = PBXResourcesBuildPhase;
			buildActionMask = 2147483647;
			files = (
				EF9C484E268B84CC00CF9C28 /* Preview Assets.xcassets in Resources */,
				EF9C484B268B84CC00CF9C28 /* Assets.xcassets in Resources */,
			);
			runOnlyForDeploymentPostprocessing = 0;
		};
/* End PBXResourcesBuildPhase section */

/* Begin PBXSourcesBuildPhase section */
		EF9C483F268B84CB00CF9C28 /* Sources */ = {
			isa = PBXSourcesBuildPhase;
			buildActionMask = 2147483647;
			files = (
				EF5F10D526974E850064FD45 /* Pie.swift in Sources */,
				EFB65CDD26CEAD850021B0B4 /* ThemeChooser.swift in Sources */,
				EF6C11B326A87AC500C9F17F /* Theme.swift in Sources */,
				EF5F10D7269758760064FD45 /* Cardify.swift in Sources */,
				EFB7C3CA268CE14E004E192D /* MemoryGame.swift in Sources */,
				EF6C11B626A88CE900C9F17F /* Themes.swift in Sources */,
				EF144DC226B1BB8B00B58D32 /* Extensions.swift in Sources */,
				EF9C4849268B84CB00CF9C28 /* EmojiGameView.swift in Sources */,
				EF9C4847268B84CB00CF9C28 /* MemorizeApp.swift in Sources */,
				EF82B4342696140500C7A7F1 /* AspectVGrid.swift in Sources */,
				EFB7C3CC268CE49A004E192D /* EmojiMemoryGame.swift in Sources */,
			);
			runOnlyForDeploymentPostprocessing = 0;
		};
/* End PBXSourcesBuildPhase section */

/* Begin XCBuildConfiguration section */
		EF9C4850268B84CC00CF9C28 /* Debug */ = {
			isa = XCBuildConfiguration;
			buildSettings = {
				ALWAYS_SEARCH_USER_PATHS = NO;
				CLANG_ANALYZER_NONNULL = YES;
				CLANG_ANALYZER_NUMBER_OBJECT_CONVERSION = YES_AGGRESSIVE;
				CLANG_CXX_LANGUAGE_STANDARD = "gnu++14";
				CLANG_CXX_LIBRARY = "libc++";
				CLANG_ENABLE_MODULES = YES;
				CLANG_ENABLE_OBJC_ARC = YES;
				CLANG_ENABLE_OBJC_WEAK = YES;
				CLANG_WARN_BLOCK_CAPTURE_AUTORELEASING = YES;
				CLANG_WARN_BOOL_CONVERSION = YES;
				CLANG_WARN_COMMA = YES;
				CLANG_WARN_CONSTANT_CONVERSION = YES;
				CLANG_WARN_DEPRECATED_OBJC_IMPLEMENTATIONS = YES;
				CLANG_WARN_DIRECT_OBJC_ISA_USAGE = YES_ERROR;
				CLANG_WARN_DOCUMENTATION_COMMENTS = YES;
				CLANG_WARN_EMPTY_BODY = YES;
				CLANG_WARN_ENUM_CONVERSION = YES;
				CLANG_WARN_INFINITE_RECURSION = YES;
				CLANG_WARN_INT_CONVERSION = YES;
				CLANG_WARN_NON_LITERAL_NULL_CONVERSION = YES;
				CLANG_WARN_OBJC_IMPLICIT_RETAIN_SELF = YES;
				CLANG_WARN_OBJC_LITERAL_CONVERSION = YES;
				CLANG_WARN_OBJC_ROOT_CLASS = YES_ERROR;
				CLANG_WARN_QUOTED_INCLUDE_IN_FRAMEWORK_HEADER = YES;
				CLANG_WARN_RANGE_LOOP_ANALYSIS = YES;
				CLANG_WARN_STRICT_PROTOTYPES = YES;
				CLANG_WARN_SUSPICIOUS_MOVE = YES;
				CLANG_WARN_UNGUARDED_AVAILABILITY = YES_AGGRESSIVE;
				CLANG_WARN_UNREACHABLE_CODE = YES;
				CLANG_WARN__DUPLICATE_METHOD_MATCH = YES;
				COPY_PHASE_STRIP = NO;
				DEBUG_INFORMATION_FORMAT = dwarf;
				ENABLE_STRICT_OBJC_MSGSEND = YES;
				ENABLE_TESTABILITY = YES;
				GCC_C_LANGUAGE_STANDARD = gnu11;
				GCC_DYNAMIC_NO_PIC = NO;
				GCC_NO_COMMON_BLOCKS = YES;
				GCC_OPTIMIZATION_LEVEL = 0;
				GCC_PREPROCESSOR_DEFINITIONS = (
					"DEBUG=1",
					"$(inherited)",
				);
				GCC_WARN_64_TO_32_BIT_CONVERSION = YES;
				GCC_WARN_ABOUT_RETURN_TYPE = YES_ERROR;
				GCC_WARN_UNDECLARED_SELECTOR = YES;
				GCC_WARN_UNINITIALIZED_AUTOS = YES_AGGRESSIVE;
				GCC_WARN_UNUSED_FUNCTION = YES;
				GCC_WARN_UNUSED_VARIABLE = YES;
				IPHONEOS_DEPLOYMENT_TARGET = 14.5;
				MTL_ENABLE_DEBUG_INFO = INCLUDE_SOURCE;
				MTL_FAST_MATH = YES;
				ONLY_ACTIVE_ARCH = YES;
				SDKROOT = iphoneos;
				SWIFT_ACTIVE_COMPILATION_CONDITIONS = DEBUG;
				SWIFT_OPTIMIZATION_LEVEL = "-Onone";
			};
			name = Debug;
		};
		EF9C4851268B84CC00CF9C28 /* Release */ = {
			isa = XCBuildConfiguration;
			buildSettings = {
				ALWAYS_SEARCH_USER_PATHS = NO;
				CLANG_ANALYZER_NONNULL = YES;
				CLANG_ANALYZER_NUMBER_OBJECT_CONVERSION = YES_AGGRESSIVE;
				CLANG_CXX_LANGUAGE_STANDARD = "gnu++14";
				CLANG_CXX_LIBRARY = "libc++";
				CLANG_ENABLE_MODULES = YES;
				CLANG_ENABLE_OBJC_ARC = YES;
				CLANG_ENABLE_OBJC_WEAK = YES;
				CLANG_WARN_BLOCK_CAPTURE_AUTORELEASING = YES;
				CLANG_WARN_BOOL_CONVERSION = YES;
				CLANG_WARN_COMMA = YES;
				CLANG_WARN_CONSTANT_CONVERSION = YES;
				CLANG_WARN_DEPRECATED_OBJC_IMPLEMENTATIONS = YES;
				CLANG_WARN_DIRECT_OBJC_ISA_USAGE = YES_ERROR;
				CLANG_WARN_DOCUMENTATION_COMMENTS = YES;
				CLANG_WARN_EMPTY_BODY = YES;
				CLANG_WARN_ENUM_CONVERSION = YES;
				CLANG_WARN_INFINITE_RECURSION = YES;
				CLANG_WARN_INT_CONVERSION = YES;
				CLANG_WARN_NON_LITERAL_NULL_CONVERSION = YES;
				CLANG_WARN_OBJC_IMPLICIT_RETAIN_SELF = YES;
				CLANG_WARN_OBJC_LITERAL_CONVERSION = YES;
				CLANG_WARN_OBJC_ROOT_CLASS = YES_ERROR;
				CLANG_WARN_QUOTED_INCLUDE_IN_FRAMEWORK_HEADER = YES;
				CLANG_WARN_RANGE_LOOP_ANALYSIS = YES;
				CLANG_WARN_STRICT_PROTOTYPES = YES;
				CLANG_WARN_SUSPICIOUS_MOVE = YES;
				CLANG_WARN_UNGUARDED_AVAILABILITY = YES_AGGRESSIVE;
				CLANG_WARN_UNREACHABLE_CODE = YES;
				CLANG_WARN__DUPLICATE_METHOD_MATCH = YES;
				COPY_PHASE_STRIP = NO;
				DEBUG_INFORMATION_FORMAT = "dwarf-with-dsym";
				ENABLE_NS_ASSERTIONS = NO;
				ENABLE_STRICT_OBJC_MSGSEND = YES;
				GCC_C_LANGUAGE_STANDARD = gnu11;
				GCC_NO_COMMON_BLOCKS = YES;
				GCC_WARN_64_TO_32_BIT_CONVERSION = YES;
				GCC_WARN_ABOUT_RETURN_TYPE = YES_ERROR;
				GCC_WARN_UNDECLARED_SELECTOR = YES;
				GCC_WARN_UNINITIALIZED_AUTOS = YES_AGGRESSIVE;
				GCC_WARN_UNUSED_FUNCTION = YES;
				GCC_WARN_UNUSED_VARIABLE = YES;
				IPHONEOS_DEPLOYMENT_TARGET = 14.5;
				MTL_ENABLE_DEBUG_INFO = NO;
				MTL_FAST_MATH = YES;
				SDKROOT = iphoneos;
				SWIFT_COMPILATION_MODE = wholemodule;
				SWIFT_OPTIMIZATION_LEVEL = "-O";
				VALIDATE_PRODUCT = YES;
			};
			name = Release;
		};
		EF9C4853268B84CC00CF9C28 /* Debug */ = {
			isa = XCBuildConfiguration;
			buildSettings = {
				ASSETCATALOG_COMPILER_APPICON_NAME = AppIcon;
				ASSETCATALOG_COMPILER_GLOBAL_ACCENT_COLOR_NAME = AccentColor;
				CODE_SIGN_STYLE = Automatic;
				DEVELOPMENT_ASSET_PATHS = "\"Memorize/Preview Content\"";
				ENABLE_PREVIEWS = YES;
				INFOPLIST_FILE = Memorize/Info.plist;
				IPHONEOS_DEPLOYMENT_TARGET = 14.0;
				LD_RUNPATH_SEARCH_PATHS = (
					"$(inherited)",
					"@executable_path/Frameworks",
				);
				PRODUCT_BUNDLE_IDENTIFIER = "mitswilliams-gmail.com.Memorize";
				PRODUCT_NAME = "$(TARGET_NAME)";
				SWIFT_VERSION = 5.0;
				TARGETED_DEVICE_FAMILY = "1,2";
			};
			name = Debug;
		};
		EF9C4854268B84CC00CF9C28 /* Release */ = {
			isa = XCBuildConfiguration;
			buildSettings = {
				ASSETCATALOG_COMPILER_APPICON_NAME = AppIcon;
				ASSETCATALOG_COMPILER_GLOBAL_ACCENT_COLOR_NAME = AccentColor;
				CODE_SIGN_STYLE = Automatic;
				DEVELOPMENT_ASSET_PATHS = "\"Memorize/Preview Content\"";
				ENABLE_PREVIEWS = YES;
				INFOPLIST_FILE = Memorize/Info.plist;
				IPHONEOS_DEPLOYMENT_TARGET = 14.0;
				LD_RUNPATH_SEARCH_PATHS = (
					"$(inherited)",
					"@executable_path/Frameworks",
				);
				PRODUCT_BUNDLE_IDENTIFIER = "mitswilliams-gmail.com.Memorize";
				PRODUCT_NAME = "$(TARGET_NAME)";
				SWIFT_VERSION = 5.0;
				TARGETED_DEVICE_FAMILY = "1,2";
			};
			name = Release;
		};
/* End XCBuildConfiguration section */

/* Begin XCConfigurationList section */
		EF9C483E268B84CB00CF9C28 /* Build configuration list for PBXProject "Memorize" */ = {
			isa = XCConfigurationList;
			buildConfigurations = (
				EF9C4850268B84CC00CF9C28 /* Debug */,
				EF9C4851268B84CC00CF9C28 /* Release */,
			);
			defaultConfigurationIsVisible = 0;
			defaultConfigurationName = Release;
		};
		EF9C4852268B84CC00CF9C28 /* Build configuration list for PBXNativeTarget "Memorize" */ = {
			isa = XCConfigurationList;
			buildConfigurations = (
				EF9C4853268B84CC00CF9C28 /* Debug */,
				EF9C4854268B84CC00CF9C28 /* Release */,
			);
			defaultConfigurationIsVisible = 0;
			defaultConfigurationName = Release;
		};
/* End XCConfigurationList section */
	};
	rootObject = EF9C483B268B84CB00CF9C28 /* Project object */;
}
